
Microsoft Visual Studio Solution File, Format Version 12.00
# Visual Studio Version 16
VisualStudioVersion = 16.0.29728.190
MinimumVisualStudioVersion = 10.0.40219.1
Project("{FAE04EC0-301F-11D3-BF4B-00C04F79EFBC}") = "XamarinUI.Dashboard.UWP", "XamarinUI.Dashboard\XamarinUI.Dashboard.UWP\XamarinUI.Dashboard.UWP.csproj", "{1FBED25C-41DC-453A-9931-7B298AE017A7}"
EndProject
Project("{FAE04EC0-301F-11D3-BF4B-00C04F79EFBC}") = "XamarinUI.Dashboard.Android", "XamarinUI.Dashboard\XamarinUI.Dashboard.Android\XamarinUI.Dashboard.Android.csproj", "{6FB5B1EA-3CE6-405A-9E63-AE7F47111F6E}"
EndProject
Project("{FAE04EC0-301F-11D3-BF4B-00C04F79EFBC}") = "XamarinUI.Dashboard.iOS", "XamarinUI.Dashboard\XamarinUI.Dashboard.iOS\XamarinUI.Dashboard.iOS.csproj", "{8986310F-5114-41A3-9468-4322F498068F}"
EndProject
Project("{FAE04EC0-301F-11D3-BF4B-00C04F79EFBC}") = "XamarinUI.Dashboard", "XamarinUI.Dashboard\XamarinUI.Dashboard\XamarinUI.Dashboard.csproj", "{0AA03C81-85A4-4438-9B8C-7B62398DF74D}"
EndProject
Global
	GlobalSection(SolutionConfigurationPlatforms) = preSolution
		Debug|Any CPU = Debug|Any CPU
		Debug|ARM = Debug|ARM
		Debug|iPhone = Debug|iPhone
		Debug|iPhoneSimulator = Debug|iPhoneSimulator
		Debug|x64 = Debug|x64
		Debug|x86 = Debug|x86
		Release|Any CPU = Release|Any CPU
		Release|ARM = Release|ARM
		Release|iPhone = Release|iPhone
		Release|iPhoneSimulator = Release|iPhoneSimulator
		Release|x64 = Release|x64
		Release|x86 = Release|x86
	EndGlobalSection
	GlobalSection(ProjectConfigurationPlatforms) = postSolution
		{1FBED25C-41DC-453A-9931-7B298AE017A7}.Debug|Any CPU.ActiveCfg = Debug|x86
		{1FBED25C-41DC-453A-9931-7B298AE017A7}.Debug|Any CPU.Build.0 = Debug|x86
		{1FBED25C-41DC-453A-9931-7B298AE017A7}.Debug|Any CPU.Deploy.0 = Debug|x86
		{1FBED25C-41DC-453A-9931-7B298AE017A7}.Debug|ARM.ActiveCfg = Debug|ARM
		{1FBED25C-41DC-453A-9931-7B298AE017A7}.Debug|ARM.Build.0 = Debug|ARM
		{1FBED25C-41DC-453A-9931-7B298AE017A7}.Debug|ARM.Deploy.0 = Debug|ARM
		{1FBED25C-41DC-453A-9931-7B298AE017A7}.Debug|iPhone.ActiveCfg = Debug|x86
		{1FBED25C-41DC-453A-9931-7B298AE017A7}.Debug|iPhone.Build.0 = Debug|x86
		{1FBED25C-41DC-453A-9931-7B298AE017A7}.Debug|iPhone.Deploy.0 = Debug|x86
		{1FBED25C-41DC-453A-9931-7B298AE017A7}.Debug|iPhoneSimulator.ActiveCfg = Debug|x86
		{1FBED25C-41DC-453A-9931-7B298AE017A7}.Debug|iPhoneSimulator.Build.0 = Debug|x86
		{1FBED25C-41DC-453A-9931-7B298AE017A7}.Debug|iPhoneSimulator.Deploy.0 = Debug|x86
		{1FBED25C-41DC-453A-9931-7B298AE017A7}.Debug|x64.ActiveCfg = Debug|x64
		{1FBED25C-41DC-453A-9931-7B298AE017A7}.Debug|x64.Build.0 = Debug|x64
		{1FBED25C-41DC-453A-9931-7B298AE017A7}.Debug|x64.Deploy.0 = Debug|x64
		{1FBED25C-41DC-453A-9931-7B298AE017A7}.Debug|x86.ActiveCfg = Debug|x86
		{1FBED25C-41DC-453A-9931-7B298AE017A7}.Debug|x86.Build.0 = Debug|x86
		{1FBED25C-41DC-453A-9931-7B298AE017A7}.Debug|x86.Deploy.0 = Debug|x86
		{1FBED25C-41DC-453A-9931-7B298AE017A7}.Release|Any CPU.ActiveCfg = Release|x86
		{1FBED25C-41DC-453A-9931-7B298AE017A7}.Release|Any CPU.Build.0 = Release|x86
		{1FBED25C-41DC-453A-9931-7B298AE017A7}.Release|Any CPU.Deploy.0 = Release|x86
		{1FBED25C-41DC-453A-9931-7B298AE017A7}.Release|ARM.ActiveCfg = Release|ARM
		{1FBED25C-41DC-453A-9931-7B298AE017A7}.Release|ARM.Build.0 = Release|ARM
		{1FBED25C-41DC-453A-9931-7B298AE017A7}.Release|ARM.Deploy.0 = Release|ARM
		{1FBED25C-41DC-453A-9931-7B298AE017A7}.Release|iPhone.ActiveCfg = Release|x86
		{1FBED25C-41DC-453A-9931-7B298AE017A7}.Release|iPhone.Build.0 = Release|x86
		{1FBED25C-41DC-453A-9931-7B298AE017A7}.Release|iPhone.Deploy.0 = Release|x86
		{1FBED25C-41DC-453A-9931-7B298AE017A7}.Release|iPhoneSimulator.ActiveCfg = Release|x86
		{1FBED25C-41DC-453A-9931-7B298AE017A7}.Release|iPhoneSimulator.Build.0 = Release|x86
		{1FBED25C-41DC-453A-9931-7B298AE017A7}.Release|iPhoneSimulator.Deploy.0 = Release|x86
		{1FBED25C-41DC-453A-9931-7B298AE017A7}.Release|x64.ActiveCfg = Release|x64
		{1FBED25C-41DC-453A-9931-7B298AE017A7}.Release|x64.Build.0 = Release|x64
		{1FBED25C-41DC-453A-9931-7B298AE017A7}.Release|x64.Deploy.0 = Release|x64
		{1FBED25C-41DC-453A-9931-7B298AE017A7}.Release|x86.ActiveCfg = Release|x86
		{1FBED25C-41DC-453A-9931-7B298AE017A7}.Release|x86.Build.0 = Release|x86
		{1FBED25C-41DC-453A-9931-7B298AE017A7}.Release|x86.Deploy.0 = Release|x86
		{6FB5B1EA-3CE6-405A-9E63-AE7F47111F6E}.Debug|Any CPU.ActiveCfg = Debug|Any CPU
		{6FB5B1EA-3CE6-405A-9E63-AE7F47111F6E}.Debug|Any CPU.Build.0 = Debug|Any CPU
		{6FB5B1EA-3CE6-405A-9E63-AE7F47111F6E}.Debug|Any CPU.Deploy.0 = Debug|Any CPU
		{6FB5B1EA-3CE6-405A-9E63-AE7F47111F6E}.Debug|ARM.ActiveCfg = Debug|Any CPU
		{6FB5B1EA-3CE6-405A-9E63-AE7F47111F6E}.Debug|ARM.Build.0 = Debug|Any CPU
		{6FB5B1EA-3CE6-405A-9E63-AE7F47111F6E}.Debug|ARM.Deploy.0 = Debug|Any CPU
		{6FB5B1EA-3CE6-405A-9E63-AE7F47111F6E}.Debug|iPhone.ActiveCfg = Debug|Any CPU
		{6FB5B1EA-3CE6-405A-9E63-AE7F47111F6E}.Debug|iPhone.Build.0 = Debug|Any CPU
		{6FB5B1EA-3CE6-405A-9E63-AE7F47111F6E}.Debug|iPhone.Deploy.0 = Debug|Any CPU
		{6FB5B1EA-3CE6-405A-9E63-AE7F47111F6E}.Debug|iPhoneSimulator.ActiveCfg = Debug|Any CPU
		{6FB5B1EA-3CE6-405A-9E63-AE7F47111F6E}.Debug|iPhoneSimulator.Build.0 = Debug|Any CPU
		{6FB5B1EA-3CE6-405A-9E63-AE7F47111F6E}.Debug|iPhoneSimulator.Deploy.0 = Debug|Any CPU
		{6FB5B1EA-3CE6-405A-9E63-AE7F47111F6E}.Debug|x64.ActiveCfg = Debug|Any CPU
		{6FB5B1EA-3CE6-405A-9E63-AE7F47111F6E}.Debug|x64.Build.0 = Debug|Any CPU
		{6FB5B1EA-3CE6-405A-9E63-AE7F47111F6E}.Debug|x64.Deploy.0 = Debug|Any CPU
		{6FB5B1EA-3CE6-405A-9E63-AE7F47111F6E}.Debug|x86.ActiveCfg = Debug|Any CPU
		{6FB5B1EA-3CE6-405A-9E63-AE7F47111F6E}.Debug|x86.Build.0 = Debug|Any CPU
		{6FB5B1EA-3CE6-405A-9E63-AE7F47111F6E}.Debug|x86.Deploy.0 = Debug|Any CPU
		{6FB5B1EA-3CE6-405A-9E63-AE7F47111F6E}.Release|Any CPU.ActiveCfg = Release|Any CPU
		{6FB5B1EA-3CE6-405A-9E63-AE7F47111F6E}.Release|Any CPU.Build.0 = Release|Any CPU
		{6FB5B1EA-3CE6-405A-9E63-AE7F47111F6E}.Release|Any CPU.Deploy.0 = Release|Any CPU
		{6FB5B1EA-3CE6-405A-9E63-AE7F47111F6E}.Release|ARM.ActiveCfg = Release|Any CPU
		{6FB5B1EA-3CE6-405A-9E63-AE7F47111F6E}.Release|ARM.Build.0 = Release|Any CPU
		{6FB5B1EA-3CE6-405A-9E63-AE7F47111F6E}.Release|ARM.Deploy.0 = Release|Any CPU
		{6FB5B1EA-3CE6-405A-9E63-AE7F47111F6E}.Release|iPhone.ActiveCfg = Release|Any CPU
		{6FB5B1EA-3CE6-405A-9E63-AE7F47111F6E}.Release|iPhone.Build.0 = Release|Any CPU
		{6FB5B1EA-3CE6-405A-9E63-AE7F47111F6E}.Release|iPhone.Deploy.0 = Release|Any CPU
		{6FB5B1EA-3CE6-405A-9E63-AE7F47111F6E}.Release|iPhoneSimulator.ActiveCfg = Release|Any CPU
		{6FB5B1EA-3CE6-405A-9E63-AE7F47111F6E}.Release|iPhoneSimulator.Build.0 = Release|Any CPU
		{6FB5B1EA-3CE6-405A-9E63-AE7F47111F6E}.Release|iPhoneSimulator.Deploy.0 = Release|Any CPU
		{6FB5B1EA-3CE6-405A-9E63-AE7F47111F6E}.Release|x64.ActiveCfg = Release|Any CPU
		{6FB5B1EA-3CE6-405A-9E63-AE7F47111F6E}.Release|x64.Build.0 = Release|Any CPU
		{6FB5B1EA-3CE6-405A-9E63-AE7F47111F6E}.Release|x64.Deploy.0 = Release|Any CPU
		{6FB5B1EA-3CE6-405A-9E63-AE7F47111F6E}.Release|x86.ActiveCfg = Release|Any CPU
		{6FB5B1EA-3CE6-405A-9E63-AE7F47111F6E}.Release|x86.Build.0 = Release|Any CPU
		{6FB5B1EA-3CE6-405A-9E63-AE7F47111F6E}.Release|x86.Deploy.0 = Release|Any CPU
		{8986310F-5114-41A3-9468-4322F498068F}.Debug|Any CPU.ActiveCfg = Debug|iPhone
		{8986310F-5114-41A3-9468-4322F498068F}.Debug|Any CPU.Build.0 = Debug|iPhone
		{8986310F-5114-41A3-9468-4322F498068F}.Debug|Any CPU.Deploy.0 = Debug|iPhone
		{8986310F-5114-41A3-9468-4322F498068F}.Debug|ARM.ActiveCfg = Debug|iPhoneSimulator
		{8986310F-5114-41A3-9468-4322F498068F}.Debug|ARM.Build.0 = Debug|iPhoneSimulator
		{8986310F-5114-41A3-9468-4322F498068F}.Debug|ARM.Deploy.0 = Debug|iPhoneSimulator
		{8986310F-5114-41A3-9468-4322F498068F}.Debug|iPhone.ActiveCfg = Debug|iPhone
		{8986310F-5114-41A3-9468-4322F498068F}.Debug|iPhone.Build.0 = Debug|iPhone
		{8986310F-5114-41A3-9468-4322F498068F}.Debug|iPhone.Deploy.0 = Debug|iPhone
		{8986310F-5114-41A3-9468-4322F498068F}.Debug|iPhoneSimulator.ActiveCfg = Debug|iPhoneSimulator
		{8986310F-5114-41A3-9468-4322F498068F}.Debug|iPhoneSimulator.Build.0 = Debug|iPhoneSimulator
		{8986310F-5114-41A3-9468-4322F498068F}.Debug|iPhoneSimulator.Deploy.0 = Debug|iPhoneSimulator
		{8986310F-5114-41A3-9468-4322F498068F}.Debug|x64.ActiveCfg = Debug|iPhone
		{8986310F-5114-41A3-9468-4322F498068F}.Debug|x64.Build.0 = Debug|iPhone
		{8986310F-5114-41A3-9468-4322F498068F}.Debug|x64.Deploy.0 = Debug|iPhone
		{8986310F-5114-41A3-9468-4322F498068F}.Debug|x86.ActiveCfg = Debug|iPhone
		{8986310F-5114-41A3-9468-4322F498068F}.Debug|x86.Build.0 = Debug|iPhone
		{8986310F-5114-41A3-9468-4322F498068F}.Debug|x86.Deploy.0 = Debug|iPhone
		{8986310F-5114-41A3-9468-4322F498068F}.Release|Any CPU.ActiveCfg = Release|iPhone
		{8986310F-5114-41A3-9468-4322F498068F}.Release|Any CPU.Build.0 = Release|iPhone
		{8986310F-5114-41A3-9468-4322F498068F}.Release|Any CPU.Deploy.0 = Release|iPhone
		{8986310F-5114-41A3-9468-4322F498068F}.Release|ARM.ActiveCfg = Release|iPhone
		{8986310F-5114-41A3-9468-4322F498068F}.Release|ARM.Build.0 = Release|iPhone
		{8986310F-5114-41A3-9468-4322F498068F}.Release|ARM.Deploy.0 = Release|iPhone
		{8986310F-5114-41A3-9468-4322F498068F}.Release|iPhone.ActiveCfg = Release|iPhone
		{8986310F-5114-41A3-9468-4322F498068F}.Release|iPhone.Build.0 = Release|iPhone
		{8986310F-5114-41A3-9468-4322F498068F}.Release|iPhone.Deploy.0 = Release|iPhone
		{8986310F-5114-41A3-9468-4322F498068F}.Release|iPhoneSimulator.ActiveCfg = Release|iPhoneSimulator
		{8986310F-5114-41A3-9468-4322F498068F}.Release|iPhoneSimulator.Build.0 = Release|iPhoneSimulator
		{8986310F-5114-41A3-9468-4322F498068F}.Release|iPhoneSimulator.Deploy.0 = Release|iPhoneSimulator
		{8986310F-5114-41A3-9468-4322F498068F}.Release|x64.ActiveCfg = Release|iPhone
		{8986310F-5114-41A3-9468-4322F498068F}.Release|x64.Build.0 = Release|iPhone
		{8986310F-5114-41A3-9468-4322F498068F}.Release|x64.Deploy.0 = Release|iPhone
		{8986310F-5114-41A3-9468-4322F498068F}.Release|x86.ActiveCfg = Release|iPhone
		{8986310F-5114-41A3-9468-4322F498068F}.Release|x86.Build.0 = Release|iPhone
		{8986310F-5114-41A3-9468-4322F498068F}.Release|x86.Deploy.0 = Release|iPhone
		{0AA03C81-85A4-4438-9B8C-7B62398DF74D}.Debug|Any CPU.ActiveCfg = Debug|Any CPU
		{0AA03C81-85A4-4438-9B8C-7B62398DF74D}.Debug|Any CPU.Build.0 = Debug|Any CPU
		{0AA03C81-85A4-4438-9B8C-7B62398DF74D}.Debug|Any CPU.Deploy.0 = Debug|Any CPU
		{0AA03C81-85A4-4438-9B8C-7B62398DF74D}.Debug|ARM.ActiveCfg = Debug|Any CPU
		{0AA03C81-85A4-4438-9B8C-7B62398DF74D}.Debug|ARM.Build.0 = Debug|Any CPU
		{0AA03C81-85A4-4438-9B8C-7B62398DF74D}.Debug|ARM.Deploy.0 = Debug|Any CPU
		{0AA03C81-85A4-4438-9B8C-7B62398DF74D}.Debug|iPhone.ActiveCfg = Debug|Any CPU
		{0AA03C81-85A4-4438-9B8C-7B62398DF74D}.Debug|iPhone.Build.0 = Debug|Any CPU
		{0AA03C81-85A4-4438-9B8C-7B62398DF74D}.Debug|iPhone.Deploy.0 = Debug|Any CPU
		{0AA03C81-85A4-4438-9B8C-7B62398DF74D}.Debug|iPhoneSimulator.ActiveCfg = Debug|Any CPU
		{0AA03C81-85A4-4438-9B8C-7B62398DF74D}.Debug|iPhoneSimulator.Build.0 = Debug|Any CPU
		{0AA03C81-85A4-4438-9B8C-7B62398DF74D}.Debug|iPhoneSimulator.Deploy.0 = Debug|Any CPU
		{0AA03C81-85A4-4438-9B8C-7B62398DF74D}.Debug|x64.ActiveCfg = Debug|Any CPU
		{0AA03C81-85A4-4438-9B8C-7B62398DF74D}.Debug|x64.Build.0 = Debug|Any CPU
		{0AA03C81-85A4-4438-9B8C-7B62398DF74D}.Debug|x64.Deploy.0 = Debug|Any CPU
		{0AA03C81-85A4-4438-9B8C-7B62398DF74D}.Debug|x86.ActiveCfg = Debug|Any CPU
		{0AA03C81-85A4-4438-9B8C-7B62398DF74D}.Debug|x86.Build.0 = Debug|Any CPU
		{0AA03C81-85A4-4438-9B8C-7B62398DF74D}.Debug|x86.Deploy.0 = Debug|Any CPU
		{0AA03C81-85A4-4438-9B8C-7B62398DF74D}.Release|Any CPU.ActiveCfg = Release|Any CPU
		{0AA03C81-85A4-4438-9B8C-7B62398DF74D}.Release|Any CPU.Build.0 = Release|Any CPU
		{0AA03C81-85A4-4438-9B8C-7B62398DF74D}.Release|Any CPU.Deploy.0 = Release|Any CPU
		{0AA03C81-85A4-4438-9B8C-7B62398DF74D}.Release|ARM.ActiveCfg = Release|Any CPU
		{0AA03C81-85A4-4438-9B8C-7B62398DF74D}.Release|ARM.Build.0 = Release|Any CPU
		{0AA03C81-85A4-4438-9B8C-7B62398DF74D}.Release|ARM.Deploy.0 = Release|Any CPU
		{0AA03C81-85A4-4438-9B8C-7B62398DF74D}.Release|iPhone.ActiveCfg = Release|Any CPU
		{0AA03C81-85A4-4438-9B8C-7B62398DF74D}.Release|iPhone.Build.0 = Release|Any CPU
		{0AA03C81-85A4-4438-9B8C-7B62398DF74D}.Release|iPhone.Deploy.0 = Release|Any CPU
		{0AA03C81-85A4-4438-9B8C-7B62398DF74D}.Release|iPhoneSimulator.ActiveCfg = Release|Any CPU
		{0AA03C81-85A4-4438-9B8C-7B62398DF74D}.Release|iPhoneSimulator.Build.0 = Release|Any CPU
		{0AA03C81-85A4-4438-9B8C-7B62398DF74D}.Release|iPhoneSimulator.Deploy.0 = Release|Any CPU
		{0AA03C81-85A4-4438-9B8C-7B62398DF74D}.Release|x64.ActiveCfg = Release|Any CPU
		{0AA03C81-85A4-4438-9B8C-7B62398DF74D}.Release|x64.Build.0 = Release|Any CPU
		{0AA03C81-85A4-4438-9B8C-7B62398DF74D}.Release|x64.Deploy.0 = Release|Any CPU
		{0AA03C81-85A4-4438-9B8C-7B62398DF74D}.Release|x86.ActiveCfg = Release|Any CPU
		{0AA03C81-85A4-4438-9B8C-7B62398DF74D}.Release|x86.Build.0 = Release|Any CPU
		{0AA03C81-85A4-4438-9B8C-7B62398DF74D}.Release|x86.Deploy.0 = Release|Any CPU
	EndGlobalSection
	GlobalSection(SolutionProperties) = preSolution
		HideSolutionNode = FALSE
	EndGlobalSection
	GlobalSection(ExtensibilityGlobals) = postSolution
		SolutionGuid = {D294EB45-7227-47E4-A6FE-61C559237FD5}
	EndGlobalSection
EndGlobal
